// !$*UTF8*$!
{
	archiveVersion = 1;
	classes = {
	};
	objectVersion = 50;
	objects = {

/* Begin PBXBuildFile section */
		CDBF078724C92E9F006CDB9A /* AppDelegate.swift in Sources */ = {isa = PBXBuildFile; fileRef = CDBF078624C92E9F006CDB9A /* AppDelegate.swift */; };
		CDBF078924C92E9F006CDB9A /* SceneDelegate.swift in Sources */ = {isa = PBXBuildFile; fileRef = CDBF078824C92E9F006CDB9A /* SceneDelegate.swift */; };
		CDBF078B24C92E9F006CDB9A /* ContentView.swift in Sources */ = {isa = PBXBuildFile; fileRef = CDBF078A24C92E9F006CDB9A /* ContentView.swift */; };
		CDBF078D24C92EA5006CDB9A /* Assets.xcassets in Resources */ = {isa = PBXBuildFile; fileRef = CDBF078C24C92EA5006CDB9A /* Assets.xcassets */; };
		CDBF079024C92EA5006CDB9A /* Preview Assets.xcassets in Resources */ = {isa = PBXBuildFile; fileRef = CDBF078F24C92EA5006CDB9A /* Preview Assets.xcassets */; };
		CDBF079324C92EA5006CDB9A /* LaunchScreen.storyboard in Resources */ = {isa = PBXBuildFile; fileRef = CDBF079124C92EA5006CDB9A /* LaunchScreen.storyboard */; };
/* End PBXBuildFile section */

/* Begin PBXFileReference section */
		CDBF078324C92E9F006CDB9A /* DYZB_test.app */ = {isa = PBXFileReference; explicitFileType = wrapper.application; includeInIndex = 0; path = DYZB_test.app; sourceTree = BUILT_PRODUCTS_DIR; };
		CDBF078624C92E9F006CDB9A /* AppDelegate.swift */ = {isa = PBXFileReference; lastKnownFileType = sourcecode.swift; path = AppDelegate.swift; sourceTree = "<group>"; };
		CDBF078824C92E9F006CDB9A /* SceneDelegate.swift */ = {isa = PBXFileReference; lastKnownFileType = sourcecode.swift; path = SceneDelegate.swift; sourceTree = "<group>"; };
		CDBF078A24C92E9F006CDB9A /* ContentView.swift */ = {isa = PBXFileReference; lastKnownFileType = sourcecode.swift; path = ContentView.swift; sourceTree = "<group>"; };
		CDBF078C24C92EA5006CDB9A /* Assets.xcassets */ = {isa = PBXFileReference; lastKnownFileType = folder.assetcatalog; path = Assets.xcassets; sourceTree = "<group>"; };
		CDBF078F24C92EA5006CDB9A /* Preview Assets.xcassets */ = {isa = PBXFileReference; lastKnownFileType = folder.assetcatalog; path = "Preview Assets.xcassets"; sourceTree = "<group>"; };
		CDBF079224C92EA5006CDB9A /* Base */ = {isa = PBXFileReference; lastKnownFileType = file.storyboard; name = Base; path = Base.lproj/LaunchScreen.storyboard; sourceTree = "<group>"; };
		CDBF079424C92EA5006CDB9A /* Info.plist */ = {isa = PBXFileReference; lastKnownFileType = text.plist.xml; path = Info.plist; sourceTree = "<group>"; };
/* End PBXFileReference section */

/* Begin PBXFrameworksBuildPhase section */
		CDBF078024C92E9F006CDB9A /* Frameworks */ = {
			isa = PBXFrameworksBuildPhase;
			buildActionMask = 2147483647;
			files = (
			);
			runOnlyForDeploymentPostprocessing = 0;
		};
/* End PBXFrameworksBuildPhase section */

/* Begin PBXGroup section */
		CDBF077A24C92E9F006CDB9A = {
			isa = PBXGroup;
			children = (
				CDBF078524C92E9F006CDB9A /* DYZB_test */,
				CDBF078424C92E9F006CDB9A /* Products */,
			);
			sourceTree = "<group>";
		};
		CDBF078424C92E9F006CDB9A /* Products */ = {
			isa = PBXGroup;
			children = (
				CDBF078324C92E9F006CDB9A /* DYZB_test.app */,
			);
			name = Products;
			sourceTree = "<group>";
		};
		CDBF078524C92E9F006CDB9A /* DYZB_test */ = {
			isa = PBXGroup;
			children = (
				CDBF078624C92E9F006CDB9A /* AppDelegate.swift */,
				CDBF078824C92E9F006CDB9A /* SceneDelegate.swift */,
				CDBF078A24C92E9F006CDB9A /* ContentView.swift */,
				CDBF078C24C92EA5006CDB9A /* Assets.xcassets */,
				CDBF079124C92EA5006CDB9A /* LaunchScreen.storyboard */,
				CDBF079424C92EA5006CDB9A /* Info.plist */,
				CDBF078E24C92EA5006CDB9A /* Preview Content */,
			);
			path = DYZB_test;
			sourceTree = "<group>";
		};
		CDBF078E24C92EA5006CDB9A /* Preview Content */ = {
			isa = PBXGroup;
			children = (
				CDBF078F24C92EA5006CDB9A /* Preview Assets.xcassets */,
			);
			path = "Preview Content";
			sourceTree = "<group>";
		};
/* End PBXGroup section */

/* Begin PBXNativeTarget section */
		CDBF078224C92E9F006CDB9A /* DYZB_test */ = {
			isa = PBXNativeTarget;
			buildConfigurationList = CDBF079724C92EA5006CDB9A /* Build configuration list for PBXNativeTarget "DYZB_test" */;
			buildPhases = (
				CDBF077F24C92E9F006CDB9A /* Sources */,
				CDBF078024C92E9F006CDB9A /* Frameworks */,
				CDBF078124C92E9F006CDB9A /* Resources */,
			);
			buildRules = (
			);
			dependencies = (
			);
			name = DYZB_test;
			productName = DYZB_test;
			productReference = CDBF078324C92E9F006CDB9A /* DYZB_test.app */;
			productType = "com.apple.product-type.application";
		};
/* End PBXNativeTarget section */

/* Begin PBXProject section */
		CDBF077B24C92E9F006CDB9A /* Project object */ = {
			isa = PBXProject;
			attributes = {
				LastSwiftUpdateCheck = 1160;
				LastUpgradeCheck = 1160;
				ORGANIZATIONNAME = 10283393;
				TargetAttributes = {
					CDBF078224C92E9F006CDB9A = {
						CreatedOnToolsVersion = 11.6;
					};
				};
			};
			buildConfigurationList = CDBF077E24C92E9F006CDB9A /* Build configuration list for PBXProject "DYZB_test" */;
			compatibilityVersion = "Xcode 9.3";
			developmentRegion = en;
			hasScannedForEncodings = 0;
			knownRegions = (
				en,
				Base,
			);
			mainGroup = CDBF077A24C92E9F006CDB9A;
			productRefGroup = CDBF078424C92E9F006CDB9A /* Products */;
			projectDirPath = "";
			projectRoot = "";
			targets = (
				CDBF078224C92E9F006CDB9A /* DYZB_test */,
			);
		};
/* End PBXProject section */

/* Begin PBXResourcesBuildPhase section */
		CDBF078124C92E9F006CDB9A /* Resources */ = {
			isa = PBXResourcesBuildPhase;
			buildActionMask = 2147483647;
			files = (
				CDBF079324C92EA5006CDB9A /* LaunchScreen.storyboard in Resources */,
				CDBF079024C92EA5006CDB9A /* Preview Assets.xcassets in Resources */,
				CDBF078D24C92EA5006CDB9A /* Assets.xcassets in Resources */,
			);
			runOnlyForDeploymentPostprocessing = 0;
		};
/* End PBXResourcesBuildPhase section */

/* Begin PBXSourcesBuildPhase section */
		CDBF077F24C92E9F006CDB9A /* Sources */ = {
			isa = PBXSourcesBuildPhase;
			buildActionMask = 2147483647;
			files = (
				CDBF078724C92E9F006CDB9A /* AppDelegate.swift in Sources */,
				CDBF078924C92E9F006CDB9A /* SceneDelegate.swift in Sources */,
				CDBF078B24C92E9F006CDB9A /* ContentView.swift in Sources */,
			);
			runOnlyForDeploymentPostprocessing = 0;
		};
/* End PBXSourcesBuildPhase section */

/* Begin PBXVariantGroup section */
		CDBF079124C92EA5006CDB9A /* LaunchScreen.storyboard */ = {
			isa = PBXVariantGroup;
			children = (
				CDBF079224C92EA5006CDB9A /* Base */,
			);
			name = LaunchScreen.storyboard;
			sourceTree = "<group>";
		};
/* End PBXVariantGroup section */

/* Begin XCBuildConfiguration section */
		CDBF079524C92EA5006CDB9A /* Debug */ = {
			isa = XCBuildConfiguration;
			buildSettings = {
				ALWAYS_SEARCH_USER_PATHS = NO;
				CLANG_ANALYZER_NONNULL = YES;
				CLANG_ANALYZER_NUMBER_OBJECT_CONVERSION = YES_AGGRESSIVE;
				CLANG_CXX_LANGUAGE_STANDARD = "gnu++14";
				CLANG_CXX_LIBRARY = "libc++";
				CLANG_ENABLE_MODULES = YES;
				CLANG_ENABLE_OBJC_ARC = YES;
				CLANG_ENABLE_OBJC_WEAK = YES;
				CLANG_WARN_BLOCK_CAPTURE_AUTORELEASING = YES;
				CLANG_WARN_BOOL_CONVERSION = YES;
				CLANG_WARN_COMMA = YES;
				CLANG_WARN_CONSTANT_CONVERSION = YES;
				CLANG_WARN_DEPRECATED_OBJC_IMPLEMENTATIONS = YES;
				CLANG_WARN_DIRECT_OBJC_ISA_USAGE = YES_ERROR;
				CLANG_WARN_DOCUMENTATION_COMMENTS = YES;
				CLANG_WARN_EMPTY_BODY = YES;
				CLANG_WARN_ENUM_CONVERSION = YES;
				CLANG_WARN_INFINITE_RECURSION = YES;
				CLANG_WARN_INT_CONVERSION = YES;
				CLANG_WARN_NON_LITERAL_NULL_CONVERSION = YES;
				CLANG_WARN_OBJC_IMPLICIT_RETAIN_SELF = YES;
				CLANG_WARN_OBJC_LITERAL_CONVERSION = YES;
				CLANG_WARN_OBJC_ROOT_CLASS = YES_ERROR;
				CLANG_WARN_RANGE_LOOP_ANALYSIS = YES;
				CLANG_WARN_STRICT_PROTOTYPES = YES;
				CLANG_WARN_SUSPICIOUS_MOVE = YES;
				CLANG_WARN_UNGUARDED_AVAILABILITY = YES_AGGRESSIVE;
				CLANG_WARN_UNREACHABLE_CODE = YES;
				CLANG_WARN__DUPLICATE_METHOD_MATCH = YES;
				COPY_PHASE_STRIP = NO;
				DEBUG_INFORMATION_FORMAT = dwarf;
				ENABLE_STRICT_OBJC_MSGSEND = YES;
				ENABLE_TESTABILITY = YES;
				GCC_C_LANGUAGE_STANDARD = gnu11;
				GCC_DYNAMIC_NO_PIC = NO;
				GCC_NO_COMMON_BLOCKS = YES;
				GCC_OPTIMIZATION_LEVEL = 0;
				GCC_PREPROCESSOR_DEFINITIONS = (
					"DEBUG=1",
					"$(inherited)",
				);
				GCC_WARN_64_TO_32_BIT_CONVERSION = YES;
				GCC_WARN_ABOUT_RETURN_TYPE = YES_ERROR;
				GCC_WARN_UNDECLARED_SELECTOR = YES;
				GCC_WARN_UNINITIALIZED_AUTOS = YES_AGGRESSIVE;
				GCC_WARN_UNUSED_FUNCTION = YES;
				GCC_WARN_UNUSED_VARIABLE = YES;
				IPHONEOS_DEPLOYMENT_TARGET = 13.6;
				MTL_ENABLE_DEBUG_INFO = INCLUDE_SOURCE;
				MTL_FAST_MATH = YES;
				ONLY_ACTIVE_ARCH = YES;
				SDKROOT = iphoneos;
				SWIFT_ACTIVE_COMPILATION_CONDITIONS = DEBUG;
				SWIFT_OPTIMIZATION_LEVEL = "-Onone";
			};
			name = Debug;
		};
		CDBF079624C92EA5006CDB9A /* Release */ = {
			isa = XCBuildConfiguration;
			buildSettings = {
				ALWAYS_SEARCH_USER_PATHS = NO;
				CLANG_ANALYZER_NONNULL = YES;
				CLANG_ANALYZER_NUMBER_OBJECT_CONVERSION = YES_AGGRESSIVE;
				CLANG_CXX_LANGUAGE_STANDARD = "gnu++14";
				CLANG_CXX_LIBRARY = "libc++";
				CLANG_ENABLE_MODULES = YES;
				CLANG_ENABLE_OBJC_ARC = YES;
				CLANG_ENABLE_OBJC_WEAK = YES;
				CLANG_WARN_BLOCK_CAPTURE_AUTORELEASING = YES;
				CLANG_WARN_BOOL_CONVERSION = YES;
				CLANG_WARN_COMMA = YES;
				CLANG_WARN_CONSTANT_CONVERSION = YES;
				CLANG_WARN_DEPRECATED_OBJC_IMPLEMENTATIONS = YES;
				CLANG_WARN_DIRECT_OBJC_ISA_USAGE = YES_ERROR;
				CLANG_WARN_DOCUMENTATION_COMMENTS = YES;
				CLANG_WARN_EMPTY_BODY = YES;
				CLANG_WARN_ENUM_CONVERSION = YES;
				CLANG_WARN_INFINITE_RECURSION = YES;
				CLANG_WARN_INT_CONVERSION = YES;
				CLANG_WARN_NON_LITERAL_NULL_CONVERSION = YES;
				CLANG_WARN_OBJC_IMPLICIT_RETAIN_SELF = YES;
				CLANG_WARN_OBJC_LITERAL_CONVERSION = YES;
				CLANG_WARN_OBJC_ROOT_CLASS = YES_ERROR;
				CLANG_WARN_RANGE_LOOP_ANALYSIS = YES;
				CLANG_WARN_STRICT_PROTOTYPES = YES;
				CLANG_WARN_SUSPICIOUS_MOVE = YES;
				CLANG_WARN_UNGUARDED_AVAILABILITY = YES_AGGRESSIVE;
				CLANG_WARN_UNREACHABLE_CODE = YES;
				CLANG_WARN__DUPLICATE_METHOD_MATCH = YES;
				COPY_PHASE_STRIP = NO;
				DEBUG_INFORMATION_FORMAT = "dwarf-with-dsym";
				ENABLE_NS_ASSERTIONS = NO;
				ENABLE_STRICT_OBJC_MSGSEND = YES;
				GCC_C_LANGUAGE_STANDARD = gnu11;
				GCC_NO_COMMON_BLOCKS = YES;
				GCC_WARN_64_TO_32_BIT_CONVERSION = YES;
				GCC_WARN_ABOUT_RETURN_TYPE = YES_ERROR;
				GCC_WARN_UNDECLARED_SELECTOR = YES;
				GCC_WARN_UNINITIALIZED_AUTOS = YES_AGGRESSIVE;
				GCC_WARN_UNUSED_FUNCTION = YES;
				GCC_WARN_UNUSED_VARIABLE = YES;
				IPHONEOS_DEPLOYMENT_TARGET = 13.6;
				MTL_ENABLE_DEBUG_INFO = NO;
				MTL_FAST_MATH = YES;
				SDKROOT = iphoneos;
				SWIFT_COMPILATION_MODE = wholemodule;
				SWIFT_OPTIMIZATION_LEVEL = "-O";
				VALIDATE_PRODUCT = YES;
			};
			name = Release;
		};
		CDBF079824C92EA5006CDB9A /* Debug */ = {
			isa = XCBuildConfiguration;
			buildSettings = {
				ASSETCATALOG_COMPILER_APPICON_NAME = AppIcon;
				CODE_SIGN_STYLE = Automatic;
				DEVELOPMENT_ASSET_PATHS = "\"DYZB_test/Preview Content\"";
				DEVELOPMENT_TEAM = KKQZCCBS33;
				ENABLE_PREVIEWS = YES;
				INFOPLIST_FILE = DYZB_test/Info.plist;
				LD_RUNPATH_SEARCH_PATHS = (
					"$(inherited)",
					"@executable_path/Frameworks",
				);
				PRODUCT_BUNDLE_IDENTIFIER = "com.zte.DYZB-test";
				PRODUCT_NAME = "$(TARGET_NAME)";
				SWIFT_VERSION = 5.0;
				TARGETED_DEVICE_FAMILY = "1,2";
			};
			name = Debug;
		};
		CDBF079924C92EA5006CDB9A /* Release */ = {
			isa = XCBuildConfiguration;
			buildSettings = {
				ASSETCATALOG_COMPILER_APPICON_NAME = AppIcon;
				CODE_SIGN_STYLE = Automatic;
				DEVELOPMENT_ASSET_PATHS = "\"DYZB_test/Preview Content\"";
				DEVELOPMENT_TEAM = KKQZCCBS33;
				ENABLE_PREVIEWS = YES;
				INFOPLIST_FILE = DYZB_test/Info.plist;
				LD_RUNPATH_SEARCH_PATHS = (
					"$(inherited)",
					"@executable_path/Frameworks",
				);
				PRODUCT_BUNDLE_IDENTIFIER = "com.zte.DYZB-test";
				PRODUCT_NAME = "$(TARGET_NAME)";
				SWIFT_VERSION = 5.0;
				TARGETED_DEVICE_FAMILY = "1,2";
			};
			name = Release;
		};
/* End XCBuildConfiguration section */

/* Begin XCConfigurationList section */
		CDBF077E24C92E9F006CDB9A /* Build configuration list for PBXProject "DYZB_test" */ = {
			isa = XCConfigurationList;
			buildConfigurations = (
				CDBF079524C92EA5006CDB9A /* Debug */,
				CDBF079624C92EA5006CDB9A /* Release */,
			);
			defaultConfigurationIsVisible = 0;
			defaultConfigurationName = Release;
		};
		CDBF079724C92EA5006CDB9A /* Build configuration list for PBXNativeTarget "DYZB_test" */ = {
			isa = XCConfigurationList;
			buildConfigurations = (
				CDBF079824C92EA5006CDB9A /* Debug */,
				CDBF079924C92EA5006CDB9A /* Release */,
			);
			defaultConfigurationIsVisible = 0;
			defaultConfigurationName = Release;
		};
/* End XCConfigurationList section */
	};
	rootObject = CDBF077B24C92E9F006CDB9A /* Project object */;
}
